<?xml version="1.0" encoding="utf-8"?>
<Project ToolsVersion="4.0" xmlns="http://schemas.microsoft.com/developer/msbuild/2003">
  <ItemGroup>
    <Filter Include="Source Files">
      <UniqueIdentifier>{4FC737F1-C7A5-4376-A066-2A32D752A2FF}</UniqueIdentifier>
      <Extensions>cpp;c;cc;cxx;c++;cppm;ixx;def;odl;idl;hpj;bat;asm;asmx</Extensions>
    </Filter>
    <Filter Include="Header Files">
      <UniqueIdentifier>{93995380-89BD-4b04-88EB-625FBE52EBFB}</UniqueIdentifier>
      <Extensions>h;hh;hpp;hxx;h++;hm;inl;inc;ipp;xsd</Extensions>
    </Filter>
    <Filter Include="Resource Files">
      <UniqueIdentifier>{67DA6AB6-F800-4c08-8B7A-83BB121AAD01}</UniqueIdentifier>
      <Extensions>rc;ico;cur;bmp;dlg;rc2;rct;bin;rgs;gif;jpg;jpeg;jpe;resx;tiff;tif;png;wav;mfcribbon-ms</Extensions>
    </Filter>
  </ItemGroup>
  <ItemGroup>
    <ClCompile Include="CMP2801M-21-22-Advanced-Programming-Assessment.cpp">
      <Filter>Source Files</Filter>
    </ClCompile>
    <ClCompile Include="Account.cpp">
      <Filter>Source Files</Filter>
    </ClCompile>
    <ClCompile Include="Current.cpp">
      <Filter>Source Files</Filter>
    </ClCompile>
    <ClCompile Include="ExceedOverDraftException.cpp">
      <Filter>Source Files</Filter>
    </ClCompile>
    <ClCompile Include="InterestEarning.cpp">
      <Filter>Source Files</Filter>
    </ClCompile>
    <ClCompile Include="Savings.cpp">
      <Filter>Source Files</Filter>
    </ClCompile>
    <ClCompile Include="AccountExistsException.cpp">
      <Filter>Source Files</Filter>
    </ClCompile>
    <ClCompile Include="Transaction.cpp">
      <Filter>Source Files</Filter>
    </ClCompile>
    <ClCompile Include="InvalidAccountGiven.cpp">
      <Filter>Source Files</Filter>
    </ClCompile>
    <ClCompile Include="InvalidIndexException.cpp">
      <Filter>Source Files</Filter>
    </ClCompile>
    <ClCompile Include="NegativeValue.cpp">
      <Filter>Source Files</Filter>
    </ClCompile>
    <ClCompile Include="NegativeWithdrawalException.cpp">
      <Filter>Source Files</Filter>
    </ClCompile>
    <ClCompile Include="CurrentProjection.cpp">
      <Filter>Source Files</Filter>
    </ClCompile>
    <ClCompile Include="TransactionNotFound.cpp">
      <Filter>Source Files</Filter>
    </ClCompile>
    <ClCompile Include="SameAccount.cpp">
      <Filter>Source Files</Filter>
    </ClCompile>
    <ClCompile Include="InvalidIsa.cpp">
      <Filter>Source Files</Filter>
    </ClCompile>
    <ClCompile Include="NotNumeric.cpp">
      <Filter>Source Files</Filter>
    </ClCompile>
    <ClCompile Include="MainMethods.cpp">
      <Filter>Source Files</Filter>
    </ClCompile>
    <ClCompile Include="IncorrectDouble.cpp">
      <Filter>Source Files</Filter>
    </ClCompile>
  </ItemGroup>
  <ItemGroup>
    <ClInclude Include="Account.h">
      <Filter>Header Files</Filter>
    </ClInclude>
    <ClInclude Include="Current.h">
      <Filter>Header Files</Filter>
    </ClInclude>
    <ClInclude Include="resource.h">
      <Filter>Header Files</Filter>
    </ClInclude>
    <ClInclude Include="ExceedOverDraftException.h">
      <Filter>Header Files</Filter>
    </ClInclude>
    <ClInclude Include="InterestEarning.h">
      <Filter>Header Files</Filter>
    </ClInclude>
    <ClInclude Include="Savings.h">
      <Filter>Header Files</Filter>
    </ClInclude>
    <ClInclude Include="AccountExistsException.h">
      <Filter>Header Files</Filter>
    </ClInclude>
    <ClInclude Include="Transaction.h">
      <Filter>Header Files</Filter>
    </ClInclude>
    <ClInclude Include="InvalidAccountGiven.h">
      <Filter>Header Files</Filter>
    </ClInclude>
    <ClInclude Include="InvalidIndexException.h">
      <Filter>Header Files</Filter>
    </ClInclude>
    <ClInclude Include="NegativeValue.h">
      <Filter>Header Files</Filter>
    </ClInclude>
    <ClInclude Include="NegativeWithdrawalException.h">
      <Filter>Header Files</Filter>
    </ClInclude>
    <ClInclude Include="CurrentProjection.h">
      <Filter>Header Files</Filter>
    </ClInclude>
    <ClInclude Include="TransactionNotFound.h">
      <Filter>Header Files</Filter>
    </ClInclude>
    <ClInclude Include="SameAccount.h">
      <Filter>Header Files</Filter>
    </ClInclude>
    <ClInclude Include="InvalidIsa.h">
      <Filter>Header Files</Filter>
    </ClInclude>
    <ClInclude Include="NotNumeric.h">
      <Filter>Header Files</Filter>
    </ClInclude>
    <ClInclude Include="MainMethods.h">
      <Filter>Header Files</Filter>
    </ClInclude>
    <ClInclude Include="IncorrectDouble.h">
      <Filter>Header Files</Filter>
    </ClInclude>
  </ItemGroup>
  <ItemGroup>
    <ResourceCompile Include="CMP2801M-21-22-Advanced-Programming-Assessment.rc">
      <Filter>Resource Files</Filter>
    </ResourceCompile>
  </ItemGroup>
</Project>